<?xml version="1.0" encoding="utf-8"?>
<Project ToolsVersion="4.0" xmlns="http://schemas.microsoft.com/developer/msbuild/2003">
  <ItemGroup>
    <Filter Include="Kernel">
      <UniqueIdentifier>{21ca27c3-0990-4f2a-92e4-944b54829a31}</UniqueIdentifier>
    </Filter>
    <Filter Include="3DNow!">
      <UniqueIdentifier>{fe7df83e-2a03-4f32-a8d3-3343568e361d}</UniqueIdentifier>
    </Filter>
    <Filter Include="SSE">
      <UniqueIdentifier>{1ee2cc78-5c50-4bb5-90b6-5838df267ae7}</UniqueIdentifier>
    </Filter>
    <Filter Include="Generic x86">
      <UniqueIdentifier>{2fbe5159-8239-473c-bbe3-2eb088a5bf5a}</UniqueIdentifier>
    </Filter>
  </ItemGroup>
  <ItemGroup>
    <ClCompile Include="StdAfx.cpp">
      <Filter>Kernel</Filter>
    </ClCompile>
    <ClCompile Include="xrCPU_Pipe.cpp">
      <Filter>Kernel</Filter>
    </ClCompile>
    <ClCompile Include="3DNow!Lib.cpp">
      <Filter>3DNow!</Filter>
    </ClCompile>
    <ClCompile Include="xrBoneLerp_3DNow!.cpp">
      <Filter>3DNow!</Filter>
    </ClCompile>
    <ClCompile Include="xrM44mul_3DNow!.cpp">
      <Filter>3DNow!</Filter>
    </ClCompile>
    <ClCompile Include="xrMemCopy8_3DNow!.cpp">
      <Filter>3DNow!</Filter>
    </ClCompile>
    <ClCompile Include="xrMemFill32_3DNow!.cpp">
      <Filter>3DNow!</Filter>
    </ClCompile>
    <ClCompile Include="xrSkin1W_3DNow!.cpp">
      <Filter>3DNow!</Filter>
    </ClCompile>
    <ClCompile Include="xrSkin2W_3DNow!.cpp">
      <Filter>3DNow!</Filter>
    </ClCompile>
    <ClCompile Include="xrSkin1W_SSE.cpp">
      <Filter>SSE</Filter>
    </ClCompile>
    <ClCompile Include="xrSkin2W_SSE.cpp">
      <Filter>SSE</Filter>
    </ClCompile>
    <ClCompile Include="xrBoneLerp.cpp">
      <Filter>Generic x86</Filter>
    </ClCompile>
    <ClCompile Include="xrM44mul.cpp">
      <Filter>Generic x86</Filter>
    </ClCompile>
    <ClCompile Include="xrQuatSlerp.cpp">
      <Filter>Generic x86</Filter>
    </ClCompile>
    <ClCompile Include="xrSkin1W.cpp">
      <Filter>Generic x86</Filter>
    </ClCompile>
    <ClCompile Include="xrSkin2W.cpp">
      <Filter>Generic x86</Filter>
    </ClCompile>
    <ClCompile Include="xrTransfer.cpp">
      <Filter>Generic x86</Filter>
    </ClCompile>
  </ItemGroup>
  <ItemGroup>
    <ClInclude Include="StdAfx.h">
      <Filter>Kernel</Filter>
    </ClInclude>
    <ClInclude Include="xrCPU_Pipe.h">
      <Filter>Kernel</Filter>
    </ClInclude>
  </ItemGroup>
</Project>