<?xml version="1.0" encoding="utf-8"?>
<Project ToolsVersion="4.0" xmlns="http://schemas.microsoft.com/developer/msbuild/2003">
  <ItemGroup>
    <Filter Include="General">
      <UniqueIdentifier>{0a603d98-4302-49b1-847e-fc4f6bf60ac6}</UniqueIdentifier>
    </Filter>
    <Filter Include="Interfaces">
      <UniqueIdentifier>{5eedd12d-df79-4474-bd26-420643f25696}</UniqueIdentifier>
    </Filter>
    <Filter Include="Interfaces\Input">
      <UniqueIdentifier>{936ea3c7-9e7b-46ff-b726-eec517683b35}</UniqueIdentifier>
    </Filter>
    <Filter Include="Interfaces\Sheduler">
      <UniqueIdentifier>{f3934492-5d0e-4117-a6e0-ec3bc2469ac4}</UniqueIdentifier>
    </Filter>
    <Filter Include="Interfaces\Render">
      <UniqueIdentifier>{3f410e72-13bc-4a3f-a779-a780b7a4755d}</UniqueIdentifier>
    </Filter>
    <Filter Include="Interfaces\SPATIAL">
      <UniqueIdentifier>{76f118ba-cf6e-4d0b-8bdd-d9657db58908}</UniqueIdentifier>
    </Filter>
    <Filter Include="Interfaces\Collidable">
      <UniqueIdentifier>{1083eb05-6b03-43b2-9a95-0dca0c67300a}</UniqueIdentifier>
    </Filter>
    <Filter Include="Game API">
      <UniqueIdentifier>{0ee86c81-bf3e-4dd2-95ed-9054df5e4bb9}</UniqueIdentifier>
    </Filter>
    <Filter Include="Game API\Objects">
      <UniqueIdentifier>{ec2d6bac-933a-456b-a979-61e6d98d07d9}</UniqueIdentifier>
    </Filter>
    <Filter Include="Game API\HUD">
      <UniqueIdentifier>{094dbfff-f01c-49ce-a823-5b354fcb97f8}</UniqueIdentifier>
    </Filter>
    <Filter Include="Game API\Environment">
      <UniqueIdentifier>{a4405cdd-2f45-4175-abd6-3a8e65234c10}</UniqueIdentifier>
    </Filter>
    <Filter Include="Game API\Environment\Effects">
      <UniqueIdentifier>{7e4cf23e-efba-4258-a86f-e6beb19b9d86}</UniqueIdentifier>
    </Filter>
    <Filter Include="Game API\Cameras">
      <UniqueIdentifier>{1d9bdd97-e67c-4c7f-b0bd-75207d16c525}</UniqueIdentifier>
    </Filter>
    <Filter Include="Game API\Collision">
      <UniqueIdentifier>{6a4a74ba-5a8a-4804-b384-9ebba169b127}</UniqueIdentifier>
    </Filter>
    <Filter Include="Game API\Animator">
      <UniqueIdentifier>{890721e3-4146-458a-a663-6b82e1e10257}</UniqueIdentifier>
    </Filter>
    <Filter Include="Game API\Feelers">
      <UniqueIdentifier>{ce753112-d3ff-4f61-a81b-c7ce8082f265}</UniqueIdentifier>
    </Filter>
    <Filter Include="Render">
      <UniqueIdentifier>{bd90e4e4-3163-4f14-8ba3-ca5d03dba70f}</UniqueIdentifier>
    </Filter>
    <Filter Include="Render\Visuals">
      <UniqueIdentifier>{2a02482f-0020-41cc-8da5-6d7fc9befc65}</UniqueIdentifier>
    </Filter>
    <Filter Include="Render\Visuals\Skeleton">
      <UniqueIdentifier>{efbab476-c71d-4eae-97ce-a80d7e741774}</UniqueIdentifier>
    </Filter>
    <Filter Include="Render\Visibility">
      <UniqueIdentifier>{d53b4501-02d3-4ce4-83c0-ec321df8ad08}</UniqueIdentifier>
    </Filter>
    <Filter Include="Render\Visibility\Frustum">
      <UniqueIdentifier>{f6cf4510-0d55-4c63-a8ed-eb168aebe676}</UniqueIdentifier>
    </Filter>
    <Filter Include="Render\Particle system">
      <UniqueIdentifier>{5606e76e-2113-4747-b69e-9056e4167959}</UniqueIdentifier>
    </Filter>
    <Filter Include="Render\Lighting">
      <UniqueIdentifier>{853443ed-194d-4cdb-8c0b-a848fe2d9811}</UniqueIdentifier>
    </Filter>
    <Filter Include="Render\Font output">
      <UniqueIdentifier>{35f1271f-4893-43cb-9aba-d21f4ba77732}</UniqueIdentifier>
    </Filter>
    <Filter Include="Render\Execution &amp; 3D">
      <UniqueIdentifier>{946f3834-1a8d-4340-b065-f9cfad44a1f7}</UniqueIdentifier>
    </Filter>
    <Filter Include="Render\Execution &amp; 3D\Shaders">
      <UniqueIdentifier>{0adec103-18c5-41bc-bbce-464c496cb86a}</UniqueIdentifier>
    </Filter>
    <Filter Include="Render\Execution &amp; 3D\Shaders\Blender">
      <UniqueIdentifier>{2f7223df-b290-439f-b85c-6ec22afd54e9}</UniqueIdentifier>
    </Filter>
    <Filter Include="Render\Execution &amp; 3D\Shaders\Textures">
      <UniqueIdentifier>{81472fa7-a743-489b-8725-c5b113c58a95}</UniqueIdentifier>
    </Filter>
    <Filter Include="Render\Execution &amp; 3D\Shaders\Resources">
      <UniqueIdentifier>{b104494e-fe57-4f0f-b010-808f2c228d82}</UniqueIdentifier>
    </Filter>
    <Filter Include="Render\Execution &amp; 3D\TextConsole">
      <UniqueIdentifier>{014bd30e-a613-44e8-9b6d-807ea1424d7f}</UniqueIdentifier>
    </Filter>
    <Filter Include="Render\Execution &amp; 3D\DebugDraw">
      <UniqueIdentifier>{f019f315-9d7f-48f3-9e84-42dd2a438497}</UniqueIdentifier>
    </Filter>
    <Filter Include="Engine">
      <UniqueIdentifier>{709448d5-8520-4c48-a4cc-70c951b03f65}</UniqueIdentifier>
    </Filter>
    <Filter Include="Engine\Collision Core">
      <UniqueIdentifier>{46389353-7846-474f-9678-32adf27d87a8}</UniqueIdentifier>
    </Filter>
    <Filter Include="Engine\Console">
      <UniqueIdentifier>{f6926292-2e77-49ec-aa6a-934a8cc2f7fd}</UniqueIdentifier>
    </Filter>
    <Filter Include="Engine\Noise">
      <UniqueIdentifier>{557b67e4-0fc1-40cb-96e0-60ce0db42af4}</UniqueIdentifier>
    </Filter>
    <Filter Include="Engine\text_editor">
      <UniqueIdentifier>{77af4278-71e3-4b6f-8a5c-fd27da36ae93}</UniqueIdentifier>
    </Filter>
    <Filter Include="Engine\text_editor\edit_actions">
      <UniqueIdentifier>{c07c2798-fcb8-48bd-b3f6-584a3c386207}</UniqueIdentifier>
    </Filter>
    <Filter Include="Engine\text_editor\line_editor">
      <UniqueIdentifier>{bf589450-b5b4-4fd7-8bef-2055633017c2}</UniqueIdentifier>
    </Filter>
    <Filter Include="Engine\text_editor\line_editor_control">
      <UniqueIdentifier>{42e37fd5-bc9c-4f61-81f4-1e0bfd5aa9de}</UniqueIdentifier>
    </Filter>
    <Filter Include="Game API\Environment\Hemisphere">
      <UniqueIdentifier>{a0a981e9-3342-4843-8de4-f900f0c05969}</UniqueIdentifier>
    </Filter>
    <Filter Include="Engine\Profiling">
      <UniqueIdentifier>{8dc6eb7a-079c-47df-bbfa-b9bf38756dc6}</UniqueIdentifier>
    </Filter>
    <Filter Include="General\Kernel">
      <UniqueIdentifier>{109dc807-b1be-46d5-b006-c2b448dd9175}</UniqueIdentifier>
    </Filter>
    <Filter Include="General\Kernel\Resources">
      <UniqueIdentifier>{76026d3d-ba7c-42b6-9e81-684b3a5a9ae6}</UniqueIdentifier>
    </Filter>
    <Filter Include="General\Defines">
      <UniqueIdentifier>{7c9382ce-d352-456c-9a03-11f55a545226}</UniqueIdentifier>
    </Filter>
    <Filter Include="Interfaces\UI">
      <UniqueIdentifier>{83fb0322-54fe-475c-b767-42e276abd678}</UniqueIdentifier>
    </Filter>
    <Filter Include="Game API\Game Level %28Maps/Scenes%29">
      <UniqueIdentifier>{9698ab8f-4772-4318-9d5f-e35b907be079}</UniqueIdentifier>
    </Filter>
    <Filter Include="Game API\Game persistance">
      <UniqueIdentifier>{3ec0edfc-9114-46c1-978b-8979cfef639e}</UniqueIdentifier>
    </Filter>
    <Filter Include="Game API\Demo tools %28Demo/Photo modes%29">
      <UniqueIdentifier>{8fb90e1d-39ce-40a0-abd4-25572962a6be}</UniqueIdentifier>
    </Filter>
    <Filter Include="Game API\Demo tools %28Demo/Photo modes%29\Photo mode">
      <UniqueIdentifier>{227abcdc-449a-4663-a476-96aca17ddd7d}</UniqueIdentifier>
    </Filter>
    <Filter Include="Game API\Demo tools %28Demo/Photo modes%29\Demo">
      <UniqueIdentifier>{60034e8b-b523-4455-9796-c5ce14356810}</UniqueIdentifier>
    </Filter>
    <Filter Include="Engine\Level loading screen %28Need be refactored%29">
      <UniqueIdentifier>{0b973863-6ec7-42ac-a3b0-8551b2498ada}</UniqueIdentifier>
    </Filter>
    <Filter Include="Engine\Font manager">
      <UniqueIdentifier>{a89d42b6-914f-4801-b7a5-0c5e5649e654}</UniqueIdentifier>
    </Filter>
    <Filter Include="Engine\Scripting">
      <UniqueIdentifier>{945960da-72ca-46e6-a565-0c18dbf5c380}</UniqueIdentifier>
    </Filter>
    <Filter Include="Engine\EventAPI">
      <UniqueIdentifier>{81e08626-aa48-49c7-a5c3-0d7a6144e1bf}</UniqueIdentifier>
    </Filter>
    <Filter Include="Engine\Mail Slot">
      <UniqueIdentifier>{e783879f-b2b9-4503-9df3-29fdd4df5c7a}</UniqueIdentifier>
    </Filter>
    <Filter Include="Engine\Pure">
      <UniqueIdentifier>{55f33a01-7fa0-4c86-affd-d394c030b61b}</UniqueIdentifier>
    </Filter>
    <Filter Include="Game API\Game state manager">
      <UniqueIdentifier>{f7a65081-dab7-436e-9519-2bb4fb62d2cb}</UniqueIdentifier>
    </Filter>
    <Filter Include="Engine\Core">
      <UniqueIdentifier>{2014cfbf-992d-4909-95a5-9c43100d9451}</UniqueIdentifier>
    </Filter>
    <Filter Include="General\Entry point">
      <UniqueIdentifier>{3d1057e9-5839-455b-bdbe-453c68af805c}</UniqueIdentifier>
    </Filter>
    <Filter Include="Engine\Windows %28Splash/Main window%29">
      <UniqueIdentifier>{ae13243b-4395-4700-aab9-79025012a2af}</UniqueIdentifier>
    </Filter>
    <Filter Include="Engine\Windows %28Splash/Main window%29\Window manager">
      <UniqueIdentifier>{7235f8b4-1e1c-47e8-bda0-90e0dba689ac}</UniqueIdentifier>
    </Filter>
    <Filter Include="Engine\Windows %28Splash/Main window%29\Logo window">
      <UniqueIdentifier>{b2b7dca5-c79b-421a-a27b-88472eaacb39}</UniqueIdentifier>
    </Filter>
    <Filter Include="Engine\Time manager">
      <UniqueIdentifier>{fb97fa90-365a-47d3-88d7-bcaf5f4f7a5a}</UniqueIdentifier>
    </Filter>
    <Filter Include="Engine\Thread manager">
      <UniqueIdentifier>{104b3242-87ef-4020-b2f8-46f9b18684f2}</UniqueIdentifier>
    </Filter>
    <Filter Include="Render\Camera view">
      <UniqueIdentifier>{63460ad0-eae8-45c6-b91e-973f5bf1ca88}</UniqueIdentifier>
    </Filter>
    <Filter Include="Render\Execution &amp; 3D\Shaders\Resource Manager">
      <UniqueIdentifier>{7deb06de-3c1f-44a8-98c7-3cb9155ef1ec}</UniqueIdentifier>
    </Filter>
    <Filter Include="Render\Execution &amp; 3D\Shaders\Resource Manager\doug_lea_memory_allocator">
      <UniqueIdentifier>{5cef2cc9-69b1-4272-ba65-88bae03f7305}</UniqueIdentifier>
    </Filter>
    <Filter Include="xrBind PSGP">
      <UniqueIdentifier>{9e9e5c50-5961-4cb8-a665-2b7c7524ad52}</UniqueIdentifier>
    </Filter>
    <Filter Include="Render\Execution &amp; 3D\Backend">
      <UniqueIdentifier>{46f64113-4784-45bf-95a7-45b35faf9df8}</UniqueIdentifier>
    </Filter>
  </ItemGroup>
  <ItemGroup>
    <ClInclude Include="resource.h">
      <Filter>General\Kernel\Resources</Filter>
    </ClInclude>
    <ClInclude Include="psystem.h">
      <Filter>Interfaces</Filter>
    </ClInclude>
    <ClInclude Include="IInputReceiver.h">
      <Filter>Interfaces\Input</Filter>
    </ClInclude>
    <ClInclude Include="xr_input.h">
      <Filter>Interfaces\Input</Filter>
    </ClInclude>
    <ClInclude Include="ISheduled.h">
      <Filter>Interfaces\Sheduler</Filter>
    </ClInclude>
    <ClInclude Include="xrSheduler.h">
      <Filter>Interfaces\Sheduler</Filter>
    </ClInclude>
    <ClInclude Include="IRenderable.h">
      <Filter>Interfaces\Render</Filter>
    </ClInclude>
    <ClInclude Include="IRenderDetailModel.h">
      <Filter>Interfaces\Render</Filter>
    </ClInclude>
    <ClInclude Include="Render.h">
      <Filter>Interfaces\Render</Filter>
    </ClInclude>
    <ClInclude Include="ISpatial.h">
      <Filter>Interfaces\SPATIAL</Filter>
    </ClInclude>
    <ClInclude Include="ICollidable.h">
      <Filter>Interfaces\Collidable</Filter>
    </ClInclude>
    <ClInclude Include="IGame_ObjectPool.h">
      <Filter>Game API\Objects</Filter>
    </ClInclude>
    <ClInclude Include="pure_relcase.h">
      <Filter>Game API\Objects</Filter>
    </ClInclude>
    <ClInclude Include="xr_object.h">
      <Filter>Game API\Objects</Filter>
    </ClInclude>
    <ClInclude Include="xr_object_list.h">
      <Filter>Game API\Objects</Filter>
    </ClInclude>
    <ClInclude Include="CustomHUD.h">
      <Filter>Game API\HUD</Filter>
    </ClInclude>
    <ClInclude Include="Environment.h">
      <Filter>Game API\Environment</Filter>
    </ClInclude>
    <ClInclude Include="Rain.h">
      <Filter>Game API\Environment\Effects</Filter>
    </ClInclude>
    <ClInclude Include="thunderbolt.h">
      <Filter>Game API\Environment\Effects</Filter>
    </ClInclude>
    <ClInclude Include="xr_efflensflare.h">
      <Filter>Game API\Environment\Effects</Filter>
    </ClInclude>
    <ClInclude Include="CameraBase.h">
      <Filter>Game API\Cameras</Filter>
    </ClInclude>
    <ClInclude Include="CameraDebug.h">
      <Filter>Game API\Cameras</Filter>
    </ClInclude>
    <ClInclude Include="CameraDefs.h">
      <Filter>Game API\Cameras</Filter>
    </ClInclude>
    <ClInclude Include="CameraManager.h">
      <Filter>Game API\Cameras</Filter>
    </ClInclude>
    <ClInclude Include="Effector.h">
      <Filter>Game API\Cameras</Filter>
    </ClInclude>
    <ClInclude Include="EffectorPP.h">
      <Filter>Game API\Cameras</Filter>
    </ClInclude>
    <ClInclude Include="xr_area.h">
      <Filter>Game API\Collision</Filter>
    </ClInclude>
    <ClInclude Include="xr_collide_defs.h">
      <Filter>Game API\Collision</Filter>
    </ClInclude>
    <ClInclude Include="xr_collide_form.h">
      <Filter>Game API\Collision</Filter>
    </ClInclude>
    <ClInclude Include="bone.h">
      <Filter>Game API\Animator</Filter>
    </ClInclude>
    <ClInclude Include="envelope.h">
      <Filter>Game API\Animator</Filter>
    </ClInclude>
    <ClInclude Include="motion.h">
      <Filter>Game API\Animator</Filter>
    </ClInclude>
    <ClInclude Include="ObjectAnimator.h">
      <Filter>Game API\Animator</Filter>
    </ClInclude>
    <ClInclude Include="Feel_Sound.h">
      <Filter>Game API\Feelers</Filter>
    </ClInclude>
    <ClInclude Include="Feel_Touch.h">
      <Filter>Game API\Feelers</Filter>
    </ClInclude>
    <ClInclude Include="Feel_Vision.h">
      <Filter>Game API\Feelers</Filter>
    </ClInclude>
    <ClInclude Include="FDemoPlay.h">
      <Filter>Game API\Demo tools %28Demo/Photo modes%29\Demo</Filter>
    </ClInclude>
    <ClInclude Include="FDemoRecord.h">
      <Filter>Game API\Demo tools %28Demo/Photo modes%29\Demo</Filter>
    </ClInclude>
    <ClInclude Include="FBasicVisual.h">
      <Filter>Render\Visuals</Filter>
    </ClInclude>
    <ClInclude Include="FHierrarhyVisual.h">
      <Filter>Render\Visuals</Filter>
    </ClInclude>
    <ClInclude Include="Fmesh.h">
      <Filter>Render\Visuals</Filter>
    </ClInclude>
    <ClInclude Include="ParticleCustom.h">
      <Filter>Render\Visuals</Filter>
    </ClInclude>
    <ClInclude Include="EnnumerateVertices.h">
      <Filter>Render\Visuals\Skeleton</Filter>
    </ClInclude>
    <ClInclude Include="SkeletonAnimated.h">
      <Filter>Render\Visuals\Skeleton</Filter>
    </ClInclude>
    <ClInclude Include="SkeletonCustom.h">
      <Filter>Render\Visuals\Skeleton</Filter>
    </ClInclude>
    <ClInclude Include="SkeletonMotions.h">
      <Filter>Render\Visuals\Skeleton</Filter>
    </ClInclude>
    <ClInclude Include="SkeletonX.h">
      <Filter>Render\Visuals\Skeleton</Filter>
    </ClInclude>
    <ClInclude Include="vis_common.h">
      <Filter>Render\Visibility</Filter>
    </ClInclude>
    <ClInclude Include="Frustum.h">
      <Filter>Render\Visibility\Frustum</Filter>
    </ClInclude>
    <ClInclude Include="PS_instance.h">
      <Filter>Render\Particle system</Filter>
    </ClInclude>
    <ClInclude Include="LightAnimLibrary.h">
      <Filter>Render\Lighting</Filter>
    </ClInclude>
    <ClInclude Include="GameFont.h">
      <Filter>Render\Font output</Filter>
    </ClInclude>
    <ClInclude Include="MbHelpers.h">
      <Filter>Render\Font output</Filter>
    </ClInclude>
    <ClInclude Include="device.h">
      <Filter>Render\Execution &amp; 3D</Filter>
    </ClInclude>
    <ClInclude Include="StatGraph.h">
      <Filter>Render\Execution &amp; 3D</Filter>
    </ClInclude>
    <ClInclude Include="Stats.h">
      <Filter>Render\Execution &amp; 3D</Filter>
    </ClInclude>
    <ClInclude Include="Shader_xrLC.h">
      <Filter>Render\Execution &amp; 3D\Shaders</Filter>
    </ClInclude>
    <ClInclude Include="WaveForm.h">
      <Filter>Render\Execution &amp; 3D\Shaders</Filter>
    </ClInclude>
    <ClInclude Include="tss.h">
      <Filter>Render\Execution &amp; 3D\Shaders\Blender</Filter>
    </ClInclude>
    <ClInclude Include="tss_def.h">
      <Filter>Render\Execution &amp; 3D\Shaders\Blender</Filter>
    </ClInclude>
    <ClInclude Include="tntQAVI.h">
      <Filter>Render\Execution &amp; 3D\Shaders\Textures</Filter>
    </ClInclude>
    <ClInclude Include="xrImage_Resampler.h">
      <Filter>Render\Execution &amp; 3D\Shaders\Textures</Filter>
    </ClInclude>
    <ClInclude Include="xrTheora_Stream.h">
      <Filter>Render\Execution &amp; 3D\Shaders\Textures</Filter>
    </ClInclude>
    <ClInclude Include="xrTheora_Surface.h">
      <Filter>Render\Execution &amp; 3D\Shaders\Textures</Filter>
    </ClInclude>
    <ClInclude Include="xrTheora_Surface_mmx.h">
      <Filter>Render\Execution &amp; 3D\Shaders\Textures</Filter>
    </ClInclude>
    <ClInclude Include="ETextureParams.h">
      <Filter>Render\Execution &amp; 3D\Shaders\Resource Manager</Filter>
    </ClInclude>
    <ClInclude Include="ResourceManager.h">
      <Filter>Render\Execution &amp; 3D\Shaders\Resource Manager</Filter>
    </ClInclude>
    <ClInclude Include="TextureDescrManager.h">
      <Filter>Render\Execution &amp; 3D\Shaders\Resource Manager</Filter>
    </ClInclude>
    <ClInclude Include="doug_lea_memory_allocator.h">
      <Filter>Render\Execution &amp; 3D\Shaders\Resource Manager\doug_lea_memory_allocator</Filter>
    </ClInclude>
    <ClInclude Include="r_constants.h">
      <Filter>Render\Execution &amp; 3D\Shaders\Resources</Filter>
    </ClInclude>
    <ClInclude Include="SH_Atomic.h">
      <Filter>Render\Execution &amp; 3D\Shaders\Resources</Filter>
    </ClInclude>
    <ClInclude Include="SH_Texture.h">
      <Filter>Render\Execution &amp; 3D\Shaders\Resources</Filter>
    </ClInclude>
    <ClInclude Include="Shader.h">
      <Filter>Render\Execution &amp; 3D\Shaders\Resources</Filter>
    </ClInclude>
    <ClInclude Include="Text_Console.h">
      <Filter>Render\Execution &amp; 3D\TextConsole</Filter>
    </ClInclude>
    <ClInclude Include="D3DUtils.h">
      <Filter>Render\Execution &amp; 3D\DebugDraw</Filter>
    </ClInclude>
    <ClInclude Include="DrawUtils.h">
      <Filter>Render\Execution &amp; 3D\DebugDraw</Filter>
    </ClInclude>
    <ClInclude Include="du_box.h">
      <Filter>Render\Execution &amp; 3D\DebugDraw</Filter>
    </ClInclude>
    <ClInclude Include="du_cone.h">
      <Filter>Render\Execution &amp; 3D\DebugDraw</Filter>
    </ClInclude>
    <ClInclude Include="du_cylinder.h">
      <Filter>Render\Execution &amp; 3D\DebugDraw</Filter>
    </ClInclude>
    <ClInclude Include="du_sphere.h">
      <Filter>Render\Execution &amp; 3D\DebugDraw</Filter>
    </ClInclude>
    <ClInclude Include="du_sphere_part.h">
      <Filter>Render\Execution &amp; 3D\DebugDraw</Filter>
    </ClInclude>
    <ClInclude Include="Properties.h">
      <Filter>Engine</Filter>
    </ClInclude>
    <ClInclude Include="std_classes.h">
      <Filter>Engine</Filter>
    </ClInclude>
    <ClInclude Include="xrXRC.h">
      <Filter>Engine\Collision Core</Filter>
    </ClInclude>
    <ClInclude Include="xr_ioc_cmd.h">
      <Filter>Engine\Console</Filter>
    </ClInclude>
    <ClInclude Include="XR_IOConsole.h">
      <Filter>Engine\Console</Filter>
    </ClInclude>
    <ClInclude Include="EventAPI.h">
      <Filter>Engine\EventAPI</Filter>
    </ClInclude>
    <ClInclude Include="ai_script_lua_extension.h">
      <Filter>Engine\Scripting</Filter>
    </ClInclude>
    <ClInclude Include="ai_script_lua_space.h">
      <Filter>Engine\Scripting</Filter>
    </ClInclude>
    <ClInclude Include="ai_script_space.h">
      <Filter>Engine\Scripting</Filter>
    </ClInclude>
    <ClInclude Include="perlin.h">
      <Filter>Engine\Noise</Filter>
    </ClInclude>
    <ClInclude Include="edit_actions.h">
      <Filter>Engine\text_editor\edit_actions</Filter>
    </ClInclude>
    <ClInclude Include="line_editor.h">
      <Filter>Engine\text_editor\line_editor</Filter>
    </ClInclude>
    <ClInclude Include="line_edit_control.h">
      <Filter>Engine\text_editor\line_editor_control</Filter>
    </ClInclude>
    <ClInclude Include="Environment_descriptor.h">
      <Filter>Game API\Environment</Filter>
    </ClInclude>
    <ClInclude Include="Environment_modifiers.h">
      <Filter>Game API\Environment</Filter>
    </ClInclude>
    <ClInclude Include="Environment_render.h">
      <Filter>Game API\Environment</Filter>
    </ClInclude>
    <ClInclude Include="Environment_ambient.h">
      <Filter>Game API\Environment</Filter>
    </ClInclude>
    <ClInclude Include="Environment_descriptor_mixer.h">
      <Filter>Game API\Environment</Filter>
    </ClInclude>
    <ClInclude Include="xrHemisphere.h">
      <Filter>Game API\Environment\Hemisphere</Filter>
    </ClInclude>
    <ClInclude Include="ShaderCompile.h">
      <Filter>Render\Execution &amp; 3D\Shaders\Resource Manager</Filter>
    </ClInclude>
    <ClInclude Include="ShaderResourceTraits.h">
      <Filter>Render\Execution &amp; 3D\Shaders\Resource Manager</Filter>
    </ClInclude>
    <ClInclude Include="ShaderMacros.h">
      <Filter>Render\Execution &amp; 3D\Shaders\Resource Manager</Filter>
    </ClInclude>
    <ClInclude Include="CPhotoMode.h">
      <Filter>Game API\Demo tools %28Demo/Photo modes%29\Photo mode</Filter>
    </ClInclude>
    <ClInclude Include="Optick_Capture.h">
      <Filter>Engine\Profiling</Filter>
    </ClInclude>
    <ClInclude Include="stdafx.h">
      <Filter>General\Kernel</Filter>
    </ClInclude>
    <ClInclude Include="defines.h">
      <Filter>General\Defines</Filter>
    </ClInclude>
    <ClInclude Include="ImGui_API.h">
      <Filter>Interfaces\UI</Filter>
    </ClInclude>
    <ClInclude Include="debug_ui.h">
      <Filter>Interfaces\UI</Filter>
    </ClInclude>
    <ClInclude Include="optick_include.h">
      <Filter>Engine\Profiling</Filter>
    </ClInclude>
    <ClInclude Include="demo_common.h">
      <Filter>Game API\Demo tools %28Demo/Photo modes%29\Demo</Filter>
    </ClInclude>
    <ClInclude Include="FVF.h">
      <Filter>Render\Execution &amp; 3D\Backend</Filter>
    </ClInclude>
    <ClInclude Include="R_Backend.h">
      <Filter>Render\Execution &amp; 3D\Backend</Filter>
    </ClInclude>
    <ClInclude Include="R_Backend_Data_Streams.h">
      <Filter>Render\Execution &amp; 3D\Backend</Filter>
    </ClInclude>
    <ClInclude Include="R_Backend_transform.h">
      <Filter>Render\Execution &amp; 3D\Backend</Filter>
    </ClInclude>
    <ClInclude Include="Environment_wind.h">
      <Filter>Game API\Environment</Filter>
    </ClInclude>
    <ClInclude Include="LogoWindow.h">
      <Filter>Engine\Windows %28Splash/Main window%29\Logo window</Filter>
    </ClInclude>
    <ClInclude Include="IGame_Level.h">
      <Filter>Game API\Game Level %28Maps/Scenes%29</Filter>
    </ClInclude>
    <ClInclude Include="xrLevel.h">
      <Filter>Game API\Game Level %28Maps/Scenes%29</Filter>
    </ClInclude>
    <ClInclude Include="LevelManager.h">
      <Filter>Game API\Game Level %28Maps/Scenes%29</Filter>
    </ClInclude>
    <ClInclude Include="IGame_Persistent.h">
      <Filter>Game API\Game persistance</Filter>
    </ClInclude>
    <ClInclude Include="LevelLoadingScreen.h">
      <Filter>Engine\Level loading screen %28Need be refactored%29</Filter>
    </ClInclude>
    <ClInclude Include="FontManager.h">
      <Filter>Engine\Font manager</Filter>
    </ClInclude>
    <ClInclude Include="xrBind_PSGP.h">
      <Filter>xrBind PSGP</Filter>
    </ClInclude>
    <ClInclude Include="pure.h">
      <Filter>Engine\Pure</Filter>
    </ClInclude>
    <ClInclude Include="GameStateManager.h">
      <Filter>Game API\Game state manager</Filter>
    </ClInclude>
    <ClInclude Include="Engine.h">
      <Filter>Engine\Core</Filter>
    </ClInclude>
    <ClInclude Include="WindowManager.h">
      <Filter>Engine\Windows %28Splash/Main window%29\Window manager</Filter>
    </ClInclude>
    <ClInclude Include="TimeManager.h">
      <Filter>Engine\Time manager</Filter>
    </ClInclude>
    <ClInclude Include="ThreadManager.h">
      <Filter>Engine\Thread manager</Filter>
    </ClInclude>
    <ClInclude Include="RenderView.h">
      <Filter>Render\Camera view</Filter>
    </ClInclude>
    <ClInclude Include="Blender.h">
      <Filter>Render\Execution &amp; 3D\Shaders\Blender</Filter>
    </ClInclude>
    <ClInclude Include="Blender_CLSID.h">
      <Filter>Render\Execution &amp; 3D\Shaders\Blender</Filter>
    </ClInclude>
    <ClInclude Include="Blender_Recorder.h">
      <Filter>Render\Execution &amp; 3D\Shaders\Blender</Filter>
    </ClInclude>
    <ClInclude Include="R_Backend_RenderTarget.h">
      <Filter>Render\Execution &amp; 3D\Backend</Filter>
    </ClInclude>
    <ClInclude Include="R_Backend_StateCache.h">
      <Filter>Render\Execution &amp; 3D\Backend</Filter>
    </ClInclude>
    <ClInclude Include="R_Backend_ResourceBinder.h">
      <Filter>Render\Execution &amp; 3D\Backend</Filter>
    </ClInclude>
    <ClInclude Include="R_Backend_ConstantManager.h">
      <Filter>Render\Execution &amp; 3D\Backend</Filter>
    </ClInclude>
    <ClInclude Include="xr_engine_common.h">
      <Filter>Engine</Filter>
    </ClInclude>
    <ClInclude Include="R_Backend_tree.h">
      <Filter>Render\Execution &amp; 3D\Backend</Filter>
    </ClInclude>
    <ClInclude Include="EngineQuit.hpp">
      <Filter>Engine\Core</Filter>
    </ClInclude>
  </ItemGroup>
  <ItemGroup>
    <ClCompile Include="IInputReceiver.cpp">
      <Filter>Interfaces\Input</Filter>
    </ClCompile>
    <ClCompile Include="xr_input.cpp">
      <Filter>Interfaces\Input</Filter>
    </ClCompile>
    <ClCompile Include="ISheduled.cpp">
      <Filter>Interfaces\Sheduler</Filter>
    </ClCompile>
    <ClCompile Include="xrSheduler.cpp">
      <Filter>Interfaces\Sheduler</Filter>
    </ClCompile>
    <ClCompile Include="IRenderable.cpp">
      <Filter>Interfaces\Render</Filter>
    </ClCompile>
    <ClCompile Include="Render.cpp">
      <Filter>Interfaces\Render</Filter>
    </ClCompile>
    <ClCompile Include="ISpatial.cpp">
      <Filter>Interfaces\SPATIAL</Filter>
    </ClCompile>
    <ClCompile Include="ISpatial_q_box.cpp">
      <Filter>Interfaces\SPATIAL</Filter>
    </ClCompile>
    <ClCompile Include="ISpatial_q_frustum.cpp">
      <Filter>Interfaces\SPATIAL</Filter>
    </ClCompile>
    <ClCompile Include="ISpatial_q_ray.cpp">
      <Filter>Interfaces\SPATIAL</Filter>
    </ClCompile>
    <ClCompile Include="ISpatial_verify.cpp">
      <Filter>Interfaces\SPATIAL</Filter>
    </ClCompile>
    <ClCompile Include="ICollidable.cpp">
      <Filter>Interfaces\Collidable</Filter>
    </ClCompile>
    <ClCompile Include="IGame_ObjectPool.cpp">
      <Filter>Game API\Objects</Filter>
    </ClCompile>
    <ClCompile Include="pure_relcase.cpp">
      <Filter>Game API\Objects</Filter>
    </ClCompile>
    <ClCompile Include="xr_object.cpp">
      <Filter>Game API\Objects</Filter>
    </ClCompile>
    <ClCompile Include="xr_object_list.cpp">
      <Filter>Game API\Objects</Filter>
    </ClCompile>
    <ClCompile Include="CustomHUD.cpp">
      <Filter>Game API\HUD</Filter>
    </ClCompile>
    <ClCompile Include="Environment.cpp">
      <Filter>Game API\Environment</Filter>
    </ClCompile>
    <ClCompile Include="Environment_render.cpp">
      <Filter>Game API\Environment</Filter>
    </ClCompile>
    <ClCompile Include="Rain.cpp">
      <Filter>Game API\Environment\Effects</Filter>
    </ClCompile>
    <ClCompile Include="thunderbolt.cpp">
      <Filter>Game API\Environment\Effects</Filter>
    </ClCompile>
    <ClCompile Include="xr_efflensflare.cpp">
      <Filter>Game API\Environment\Effects</Filter>
    </ClCompile>
    <ClCompile Include="CameraBase.cpp">
      <Filter>Game API\Cameras</Filter>
    </ClCompile>
    <ClCompile Include="CameraManager.cpp">
      <Filter>Game API\Cameras</Filter>
    </ClCompile>
    <ClCompile Include="Effector.cpp">
      <Filter>Game API\Cameras</Filter>
    </ClCompile>
    <ClCompile Include="EffectorPP.cpp">
      <Filter>Game API\Cameras</Filter>
    </ClCompile>
    <ClCompile Include="xr_area.cpp">
      <Filter>Game API\Collision</Filter>
    </ClCompile>
    <ClCompile Include="xr_area_raypick.cpp">
      <Filter>Game API\Collision</Filter>
    </ClCompile>
    <ClCompile Include="xr_collide_form.cpp">
      <Filter>Game API\Collision</Filter>
    </ClCompile>
    <ClCompile Include="Envelope.cpp">
      <Filter>Game API\Animator</Filter>
    </ClCompile>
    <ClCompile Include="interp.cpp">
      <Filter>Game API\Animator</Filter>
    </ClCompile>
    <ClCompile Include="motion.cpp">
      <Filter>Game API\Animator</Filter>
    </ClCompile>
    <ClCompile Include="ObjectAnimator.cpp">
      <Filter>Game API\Animator</Filter>
    </ClCompile>
    <ClCompile Include="Feel_Touch.cpp">
      <Filter>Game API\Feelers</Filter>
    </ClCompile>
    <ClCompile Include="Feel_Vision.cpp">
      <Filter>Game API\Feelers</Filter>
    </ClCompile>
    <ClCompile Include="FDemoPlay.cpp">
      <Filter>Game API\Demo tools %28Demo/Photo modes%29\Demo</Filter>
    </ClCompile>
    <ClCompile Include="FDemoRecord.cpp">
      <Filter>Game API\Demo tools %28Demo/Photo modes%29\Demo</Filter>
    </ClCompile>
    <ClCompile Include="FBasicVisual.cpp">
      <Filter>Render\Visuals</Filter>
    </ClCompile>
    <ClCompile Include="FHierrarhyVisual.cpp">
      <Filter>Render\Visuals</Filter>
    </ClCompile>
    <ClCompile Include="fmesh.cpp">
      <Filter>Render\Visuals</Filter>
    </ClCompile>
    <ClCompile Include="ParticleCustom.cpp">
      <Filter>Render\Visuals</Filter>
    </ClCompile>
    <ClCompile Include="SkeletonAnimated.cpp">
      <Filter>Render\Visuals\Skeleton</Filter>
    </ClCompile>
    <ClCompile Include="SkeletonCustom.cpp">
      <Filter>Render\Visuals\Skeleton</Filter>
    </ClCompile>
    <ClCompile Include="SkeletonMotions.cpp">
      <Filter>Render\Visuals\Skeleton</Filter>
    </ClCompile>
    <ClCompile Include="SkeletonRigid.cpp">
      <Filter>Render\Visuals\Skeleton</Filter>
    </ClCompile>
    <ClCompile Include="SkeletonX.cpp">
      <Filter>Render\Visuals\Skeleton</Filter>
    </ClCompile>
    <ClCompile Include="Frustum.cpp">
      <Filter>Render\Visibility\Frustum</Filter>
    </ClCompile>
    <ClCompile Include="PS_instance.cpp">
      <Filter>Render\Particle system</Filter>
    </ClCompile>
    <ClCompile Include="LightAnimLibrary.cpp">
      <Filter>Render\Lighting</Filter>
    </ClCompile>
    <ClCompile Include="GameFont.cpp">
      <Filter>Render\Font output</Filter>
    </ClCompile>
    <ClCompile Include="MbHelpers.cpp">
      <Filter>Render\Font output</Filter>
    </ClCompile>
    <ClCompile Include="device.cpp">
      <Filter>Render\Execution &amp; 3D</Filter>
    </ClCompile>
    <ClCompile Include="StatGraph.cpp">
      <Filter>Render\Execution &amp; 3D</Filter>
    </ClCompile>
    <ClCompile Include="Stats.cpp">
      <Filter>Render\Execution &amp; 3D</Filter>
    </ClCompile>
    <ClCompile Include="Blender_Recorder_StandartBinding.cpp">
      <Filter>Render\Execution &amp; 3D\Shaders\Blender</Filter>
    </ClCompile>
    <ClCompile Include="tss_def.cpp">
      <Filter>Render\Execution &amp; 3D\Shaders\Blender</Filter>
    </ClCompile>
    <ClCompile Include="tntQAVI.cpp">
      <Filter>Render\Execution &amp; 3D\Shaders\Textures</Filter>
    </ClCompile>
    <ClCompile Include="xrImage_Resampler.cpp">
      <Filter>Render\Execution &amp; 3D\Shaders\Textures</Filter>
    </ClCompile>
    <ClCompile Include="xrTheora_Stream.cpp">
      <Filter>Render\Execution &amp; 3D\Shaders\Textures</Filter>
    </ClCompile>
    <ClCompile Include="xrTheora_Surface.cpp">
      <Filter>Render\Execution &amp; 3D\Shaders\Textures</Filter>
    </ClCompile>
    <ClCompile Include="xrTheora_Surface_mmx.cpp">
      <Filter>Render\Execution &amp; 3D\Shaders\Textures</Filter>
    </ClCompile>
    <ClCompile Include="ETextureParams.cpp">
      <Filter>Render\Execution &amp; 3D\Shaders\Resource Manager</Filter>
    </ClCompile>
    <ClCompile Include="ResourceManager.cpp">
      <Filter>Render\Execution &amp; 3D\Shaders\Resource Manager</Filter>
    </ClCompile>
    <ClCompile Include="ResourceManager_Loader.cpp">
      <Filter>Render\Execution &amp; 3D\Shaders\Resource Manager</Filter>
    </ClCompile>
    <ClCompile Include="ResourceManager_Reset.cpp">
      <Filter>Render\Execution &amp; 3D\Shaders\Resource Manager</Filter>
    </ClCompile>
    <ClCompile Include="ResourceManager_Resources.cpp">
      <Filter>Render\Execution &amp; 3D\Shaders\Resource Manager</Filter>
    </ClCompile>
    <ClCompile Include="ResourceManager_Scripting.cpp">
      <Filter>Render\Execution &amp; 3D\Shaders\Resource Manager</Filter>
    </ClCompile>
    <ClCompile Include="TextureDescrManager.cpp">
      <Filter>Render\Execution &amp; 3D\Shaders\Resource Manager</Filter>
    </ClCompile>
    <ClCompile Include="doug_lea_memory_allocator.c">
      <Filter>Render\Execution &amp; 3D\Shaders\Resource Manager\doug_lea_memory_allocator</Filter>
    </ClCompile>
    <ClCompile Include="r_constants.cpp">
      <Filter>Render\Execution &amp; 3D\Shaders\Resources</Filter>
    </ClCompile>
    <ClCompile Include="SH_Atomic.cpp">
      <Filter>Render\Execution &amp; 3D\Shaders\Resources</Filter>
    </ClCompile>
    <ClCompile Include="SH_Texture.cpp">
      <Filter>Render\Execution &amp; 3D\Shaders\Resources</Filter>
    </ClCompile>
    <ClCompile Include="Shader.cpp">
      <Filter>Render\Execution &amp; 3D\Shaders\Resources</Filter>
    </ClCompile>
    <ClCompile Include="Text_Console.cpp">
      <Filter>Render\Execution &amp; 3D\TextConsole</Filter>
    </ClCompile>
    <ClCompile Include="Text_Console_WndProc.cpp">
      <Filter>Render\Execution &amp; 3D\TextConsole</Filter>
    </ClCompile>
    <ClCompile Include="D3DUtils.cpp">
      <Filter>Render\Execution &amp; 3D\DebugDraw</Filter>
    </ClCompile>
    <ClCompile Include="du_box.cpp">
      <Filter>Render\Execution &amp; 3D\DebugDraw</Filter>
    </ClCompile>
    <ClCompile Include="du_cone.cpp">
      <Filter>Render\Execution &amp; 3D\DebugDraw</Filter>
    </ClCompile>
    <ClCompile Include="du_cylinder.cpp">
      <Filter>Render\Execution &amp; 3D\DebugDraw</Filter>
    </ClCompile>
    <ClCompile Include="du_sphere.cpp">
      <Filter>Render\Execution &amp; 3D\DebugDraw</Filter>
    </ClCompile>
    <ClCompile Include="du_sphere_part.cpp">
      <Filter>Render\Execution &amp; 3D\DebugDraw</Filter>
    </ClCompile>
    <ClCompile Include="xrXRC.cpp">
      <Filter>Engine\Collision Core</Filter>
    </ClCompile>
    <ClCompile Include="xr_ioc_cmd.cpp">
      <Filter>Engine\Console</Filter>
    </ClCompile>
    <ClCompile Include="XR_IOConsole.cpp">
      <Filter>Engine\Console</Filter>
    </ClCompile>
    <ClCompile Include="EventAPI.cpp">
      <Filter>Engine\EventAPI</Filter>
    </ClCompile>
    <ClCompile Include="ai_script_lua_debug.cpp">
      <Filter>Engine\Scripting</Filter>
    </ClCompile>
    <ClCompile Include="ai_script_lua_extension.cpp">
      <Filter>Engine\Scripting</Filter>
    </ClCompile>
    <ClCompile Include="perlin.cpp">
      <Filter>Engine\Noise</Filter>
    </ClCompile>
    <ClCompile Include="edit_actions.cpp">
      <Filter>Engine\text_editor\edit_actions</Filter>
    </ClCompile>
    <ClCompile Include="line_editor.cpp">
      <Filter>Engine\text_editor\line_editor</Filter>
    </ClCompile>
    <ClCompile Include="line_edit_control.cpp">
      <Filter>Engine\text_editor\line_editor_control</Filter>
    </ClCompile>
    <ClCompile Include="XR_IOConsole_control.cpp">
      <Filter>Engine\Console</Filter>
    </ClCompile>
    <ClCompile Include="XR_IOConsole_callback.cpp">
      <Filter>Engine\Console</Filter>
    </ClCompile>
    <ClCompile Include="XR_IOConsole_get.cpp">
      <Filter>Engine\Console</Filter>
    </ClCompile>
    <ClCompile Include="Environment_descriptor.cpp">
      <Filter>Game API\Environment</Filter>
    </ClCompile>
    <ClCompile Include="Environment_modifiers.cpp">
      <Filter>Game API\Environment</Filter>
    </ClCompile>
    <ClCompile Include="Environment_ambient.cpp">
      <Filter>Game API\Environment</Filter>
    </ClCompile>
    <ClCompile Include="Environment_descriptor_mixer.cpp">
      <Filter>Game API\Environment</Filter>
    </ClCompile>
    <ClCompile Include="xrHemisphere.cpp">
      <Filter>Game API\Environment\Hemisphere</Filter>
    </ClCompile>
    <ClCompile Include="ShaderMacros.cpp">
      <Filter>Render\Execution &amp; 3D\Shaders\Resource Manager</Filter>
    </ClCompile>
    <ClCompile Include="CPhotoMode.cpp">
      <Filter>Game API\Demo tools %28Demo/Photo modes%29\Photo mode</Filter>
    </ClCompile>
    <ClCompile Include="Optick_Capture.cpp">
      <Filter>Engine\Profiling</Filter>
    </ClCompile>
    <ClCompile Include="stdafx.cpp">
      <Filter>General\Kernel</Filter>
    </ClCompile>
    <ClCompile Include="defines.cpp">
      <Filter>General\Defines</Filter>
    </ClCompile>
    <ClCompile Include="win_entry_point.cpp">
      <Filter>General\Entry point</Filter>
    </ClCompile>
    <ClCompile Include="ImGui_API.cpp">
      <Filter>Interfaces\UI</Filter>
    </ClCompile>
    <ClCompile Include="debug_ui.cpp">
      <Filter>Interfaces\UI</Filter>
    </ClCompile>
    <ClCompile Include="demo_common.cpp">
      <Filter>Game API\Demo tools %28Demo/Photo modes%29\Demo</Filter>
    </ClCompile>
    <ClCompile Include="R_Backend.cpp">
      <Filter>Render\Execution &amp; 3D\Backend</Filter>
    </ClCompile>
    <ClCompile Include="R_Backend_Data_Streams.cpp">
      <Filter>Render\Execution &amp; 3D\Backend</Filter>
    </ClCompile>
    <ClCompile Include="R_Backend_DBG.cpp">
      <Filter>Render\Execution &amp; 3D\Backend</Filter>
    </ClCompile>
    <ClCompile Include="R_Backend_transform.cpp">
      <Filter>Render\Execution &amp; 3D\Backend</Filter>
    </ClCompile>
    <ClCompile Include="Environment_wind.cpp">
      <Filter>Game API\Environment</Filter>
    </ClCompile>
    <ClCompile Include="LogoWindow.cpp">
      <Filter>Engine\Windows %28Splash/Main window%29\Logo window</Filter>
    </ClCompile>
    <ClCompile Include="IGame_Level.cpp">
      <Filter>Game API\Game Level %28Maps/Scenes%29</Filter>
    </ClCompile>
    <ClCompile Include="IGame_Level_check_textures.cpp">
      <Filter>Game API\Game Level %28Maps/Scenes%29</Filter>
    </ClCompile>
    <ClCompile Include="LevelManager.cpp">
      <Filter>Game API\Game Level %28Maps/Scenes%29</Filter>
    </ClCompile>
    <ClCompile Include="IGame_Persistent.cpp">
      <Filter>Game API\Game persistance</Filter>
    </ClCompile>
    <ClCompile Include="LevelLoadingScreen.cpp">
      <Filter>Engine\Level loading screen %28Need be refactored%29</Filter>
    </ClCompile>
    <ClCompile Include="FontManager.cpp">
      <Filter>Engine\Font manager</Filter>
    </ClCompile>
    <ClCompile Include="mailSlot.cpp">
      <Filter>Engine\Mail Slot</Filter>
    </ClCompile>
    <ClCompile Include="pure.cpp">
      <Filter>Engine\Pure</Filter>
    </ClCompile>
    <ClCompile Include="GameStateManager.cpp">
      <Filter>Game API\Game state manager</Filter>
    </ClCompile>
    <ClCompile Include="Engine.cpp">
      <Filter>Engine\Core</Filter>
    </ClCompile>
    <ClCompile Include="WindowManager.cpp">
      <Filter>Engine\Windows %28Splash/Main window%29\Window manager</Filter>
    </ClCompile>
    <ClCompile Include="TimeManager.cpp">
      <Filter>Engine\Time manager</Filter>
    </ClCompile>
    <ClCompile Include="ThreadManager.cpp">
      <Filter>Engine\Thread manager</Filter>
    </ClCompile>
    <ClCompile Include="RenderView.cpp">
      <Filter>Render\Camera view</Filter>
    </ClCompile>
    <ClCompile Include="Blender.cpp">
      <Filter>Render\Execution &amp; 3D\Shaders\Blender</Filter>
    </ClCompile>
    <ClCompile Include="Blender_Palette.cpp">
      <Filter>Render\Execution &amp; 3D\Shaders\Blender</Filter>
    </ClCompile>
    <ClCompile Include="Blender_Recorder.cpp">
      <Filter>Render\Execution &amp; 3D\Shaders\Blender</Filter>
    </ClCompile>
    <ClCompile Include="R_Backend_RenderTarget.cpp">
      <Filter>Render\Execution &amp; 3D\Backend</Filter>
    </ClCompile>
    <ClCompile Include="xrBind_PSGP.cpp">
      <Filter>xrBind PSGP</Filter>
    </ClCompile>
    <ClCompile Include="xrSkin1W.cpp">
      <Filter>xrBind PSGP</Filter>
    </ClCompile>
    <ClCompile Include="xrSkin2W.cpp">
      <Filter>xrBind PSGP</Filter>
    </ClCompile>
    <ClCompile Include="R_Backend_StateCache.cpp">
      <Filter>Render\Execution &amp; 3D\Backend</Filter>
    </ClCompile>
    <ClCompile Include="R_Backend_ResourceBinder.cpp">
      <Filter>Render\Execution &amp; 3D\Backend</Filter>
    </ClCompile>
    <ClCompile Include="R_Backend_ConstantManager.cpp">
      <Filter>Render\Execution &amp; 3D\Backend</Filter>
    </ClCompile>
    <ClCompile Include="R_Backend_tree.cpp">
      <Filter>Render\Execution &amp; 3D\Backend</Filter>
    </ClCompile>
    <ClCompile Include="EngineQuit.cpp">
      <Filter>Engine\Core</Filter>
    </ClCompile>
  </ItemGroup>
  <ItemGroup>
    <Resource Include="OutOfVirtError.RES">
      <Filter>General\Kernel\Resources</Filter>
    </Resource>
  </ItemGroup>
  <ItemGroup>
    <ResourceCompile Include="resource.rc">
      <Filter>General\Kernel\Resources</Filter>
    </ResourceCompile>
  </ItemGroup>
  <ItemGroup>
    <Image Include="stalker.ico">
      <Filter>General\Kernel\Resources</Filter>
    </Image>
    <Image Include="ui_splash3.bmp">
      <Filter>General\Kernel\Resources</Filter>
    </Image>
  </ItemGroup>
  <ItemGroup>
    <None Include="R_Backend.inl">
      <Filter>Render\Execution &amp; 3D\Backend</Filter>
    </None>
    <None Include="cpp.hint" />
  </ItemGroup>
</Project>