<?xml version="1.0" encoding="utf-8"?>
<Project ToolsVersion="4.0" xmlns="http://schemas.microsoft.com/developer/msbuild/2003">
  <ItemGroup>
    <Filter Include="Kernel">
      <UniqueIdentifier>{90e0d159-daf2-4280-9f23-30140d30a64d}</UniqueIdentifier>
    </Filter>
    <Filter Include="Core">
      <UniqueIdentifier>{5c280dd5-08b2-48ed-a9ac-6f72cd172e0a}</UniqueIdentifier>
    </Filter>
    <Filter Include="Details">
      <UniqueIdentifier>{11542d84-a32a-4f97-bf85-4f546cc5a224}</UniqueIdentifier>
    </Filter>
    <Filter Include="Stripifier">
      <UniqueIdentifier>{90ddcd80-88df-482f-9b11-217190755c23}</UniqueIdentifier>
    </Filter>
    <Filter Include="Lights">
      <UniqueIdentifier>{268234e2-3527-4c36-97d3-c33940d436e7}</UniqueIdentifier>
    </Filter>
    <Filter Include="Wallmarks">
      <UniqueIdentifier>{007cc9e4-5b81-4324-a362-e25cbbd79777}</UniqueIdentifier>
    </Filter>
    <Filter Include="Models">
      <UniqueIdentifier>{a263f29c-0c06-4cad-90de-b322ee2f04e4}</UniqueIdentifier>
    </Filter>
    <Filter Include="Models\Visuals">
      <UniqueIdentifier>{cc83a68c-2620-42ca-8e59-6eaf108f2a8a}</UniqueIdentifier>
    </Filter>
    <Filter Include="Visibility">
      <UniqueIdentifier>{51efb266-14aa-4e05-8f0a-b2edb53b9b0a}</UniqueIdentifier>
    </Filter>
    <Filter Include="Visibility\Sector/Portal">
      <UniqueIdentifier>{113a2b8e-7672-4fdf-89aa-c2bdb9a003dc}</UniqueIdentifier>
    </Filter>
    <Filter Include="Visibility\HOM Occlusion">
      <UniqueIdentifier>{192e35d4-dc12-4e11-a00b-860e34665128}</UniqueIdentifier>
    </Filter>
    <Filter Include="Rendertargets">
      <UniqueIdentifier>{fec1153a-2d47-4773-b385-8ff1d008ed3c}</UniqueIdentifier>
    </Filter>
    <Filter Include="Rendertargets\Core">
      <UniqueIdentifier>{1e7338c4-fec5-4d60-8be8-d2424476dc37}</UniqueIdentifier>
    </Filter>
    <Filter Include="Rendertargets\Render stages">
      <UniqueIdentifier>{4bda8459-77e1-4998-9fe5-50179f622e5f}</UniqueIdentifier>
    </Filter>
    <Filter Include="Rendertargets\Render stages\GBuffer stage">
      <UniqueIdentifier>{964b9781-c3a8-49a5-a0b6-207d726274fa}</UniqueIdentifier>
    </Filter>
    <Filter Include="Rendertargets\Render stages\Light accumulation stage">
      <UniqueIdentifier>{547f704f-ed77-4140-b62a-f6fbc94f7722}</UniqueIdentifier>
    </Filter>
    <Filter Include="Rendertargets\Render stages\Scene combine stage">
      <UniqueIdentifier>{c8ba8337-f7ec-4e83-824d-72dbd0be3165}</UniqueIdentifier>
    </Filter>
    <Filter Include="Rendertargets\Render stages\Postprocess stages">
      <UniqueIdentifier>{cc4245e8-dd12-4eca-828c-efeab14ab465}</UniqueIdentifier>
    </Filter>
    <Filter Include="Rendertargets\Render stages\Light accumulation stage\Occlusion culling stage">
      <UniqueIdentifier>{52b64951-58a7-49f9-9bc8-5580e7f82d3f}</UniqueIdentifier>
    </Filter>
    <Filter Include="Rendertargets\Render stages\Light accumulation stage\Direct">
      <UniqueIdentifier>{da8e30e7-900b-4650-a603-bd330811dd4a}</UniqueIdentifier>
    </Filter>
    <Filter Include="Rendertargets\Render stages\Light accumulation stage\Core">
      <UniqueIdentifier>{e6aa645c-aa56-48a2-a216-78078383a554}</UniqueIdentifier>
    </Filter>
    <Filter Include="Rendertargets\Render stages\Light accumulation stage\Spot%255cOmni">
      <UniqueIdentifier>{8ecf1628-3ffe-4e54-917d-028ab5f7b670}</UniqueIdentifier>
    </Filter>
    <Filter Include="Core\Occlusion culling">
      <UniqueIdentifier>{e53c15a1-f72b-4265-9625-37e3e186d0f7}</UniqueIdentifier>
    </Filter>
    <Filter Include="Core\Screenshots">
      <UniqueIdentifier>{7ab39932-870e-4d85-8b08-93d122f37ee0}</UniqueIdentifier>
    </Filter>
    <Filter Include="Core\Particle library">
      <UniqueIdentifier>{45fdd5a1-dd52-44aa-9671-9d3215446ddb}</UniqueIdentifier>
    </Filter>
    <Filter Include="Core\Memory allocation">
      <UniqueIdentifier>{8115858a-b3ba-4481-b907-c2ebbff0ed82}</UniqueIdentifier>
    </Filter>
    <Filter Include="Core\Texture">
      <UniqueIdentifier>{b7bf9ce2-16cc-461d-b122-f9a82c775d1d}</UniqueIdentifier>
    </Filter>
    <Filter Include="Blenders">
      <UniqueIdentifier>{2c0915c2-d416-4490-8571-ad0c1fc676f4}</UniqueIdentifier>
    </Filter>
    <Filter Include="Blenders\GBuffer stage">
      <UniqueIdentifier>{701d8886-e6b4-42d7-8c7a-3acfe27989a4}</UniqueIdentifier>
    </Filter>
    <Filter Include="Blenders\GBuffer stage\R1%255cR2 Blenders">
      <UniqueIdentifier>{e60df327-0b19-4693-a9cf-0c202e630d00}</UniqueIdentifier>
    </Filter>
    <Filter Include="Blenders\Postprocess stage">
      <UniqueIdentifier>{ebfa012d-91b1-43d7-9030-8a3b34316da3}</UniqueIdentifier>
    </Filter>
    <Filter Include="Blenders\Postprocess stage\Ambient occlusion">
      <UniqueIdentifier>{7c5ba608-773e-42cf-8f5f-5852122dcecc}</UniqueIdentifier>
    </Filter>
    <Filter Include="Blenders\Postprocess stage\Bloom">
      <UniqueIdentifier>{66d09db0-23d8-443b-be96-1037bcfa55d0}</UniqueIdentifier>
    </Filter>
    <Filter Include="Blenders\Postprocess stage\Motion blur">
      <UniqueIdentifier>{94911cf6-3cac-4b4e-834d-3ce151606ef2}</UniqueIdentifier>
    </Filter>
    <Filter Include="Blenders\Postprocess stage\Depth of field">
      <UniqueIdentifier>{a93fa9ff-fb61-451f-b2e0-5a0623735f04}</UniqueIdentifier>
    </Filter>
    <Filter Include="Blenders\Postprocess stage\Antialiasing">
      <UniqueIdentifier>{d96e805c-1825-4b20-a2a4-2d94e6d1e59e}</UniqueIdentifier>
    </Filter>
    <Filter Include="Blenders\Postprocess stage\Vignette">
      <UniqueIdentifier>{5775da43-5eda-4402-bec0-0ecba0939a4b}</UniqueIdentifier>
    </Filter>
    <Filter Include="Blenders\Postprocess stage\Sharpen">
      <UniqueIdentifier>{a8627c0f-b8ca-41d0-9b76-6028ff5e0a99}</UniqueIdentifier>
    </Filter>
    <Filter Include="Blenders\Postprocess stage\Chromatic abberation">
      <UniqueIdentifier>{43f72539-6570-40df-88d7-b4416823aecc}</UniqueIdentifier>
    </Filter>
    <Filter Include="Blenders\Postprocess stage\Sepia">
      <UniqueIdentifier>{49b263cf-d1eb-456a-97d7-5673e0c5c00d}</UniqueIdentifier>
    </Filter>
    <Filter Include="Blenders\Combine stage">
      <UniqueIdentifier>{246dcf35-8bd7-4b95-ae7d-d98d9bd8eb12}</UniqueIdentifier>
    </Filter>
    <Filter Include="Blenders\Overlays stage">
      <UniqueIdentifier>{c8fcd8cd-b4ea-45bc-bbbc-101a0f54cf62}</UniqueIdentifier>
    </Filter>
    <Filter Include="Blenders\Light accumulating stage">
      <UniqueIdentifier>{6371f753-349c-476b-bd50-91c769017890}</UniqueIdentifier>
    </Filter>
    <Filter Include="Blenders\Editor">
      <UniqueIdentifier>{bba361c5-5691-49c1-aa3b-5e771dcfb391}</UniqueIdentifier>
    </Filter>
    <Filter Include="Blenders\Forward rendering">
      <UniqueIdentifier>{ed178e34-be90-41d6-bc02-c215b6ccf8df}</UniqueIdentifier>
    </Filter>
    <Filter Include="Blenders\Postprocess stage\Distortion">
      <UniqueIdentifier>{fca0c934-d1a8-4b80-85dc-2db7f68db37e}</UniqueIdentifier>
    </Filter>
  </ItemGroup>
  <ItemGroup>
    <ClInclude Include="cl_intersect.h">
      <Filter>Kernel</Filter>
    </ClInclude>
    <ClInclude Include="stdafx.h">
      <Filter>Kernel</Filter>
    </ClInclude>
    <ClInclude Include="..\xrRender\xrRender_console.h">
      <Filter>Kernel</Filter>
    </ClInclude>
    <ClInclude Include="r2.h">
      <Filter>Core</Filter>
    </ClInclude>
    <ClInclude Include="r2_types.h">
      <Filter>Core</Filter>
    </ClInclude>
    <ClInclude Include="..\xrRender\r_dsgraph_structure.h">
      <Filter>Core</Filter>
    </ClInclude>
    <ClInclude Include="..\xrRender\r_dsgraph_types.h">
      <Filter>Core</Filter>
    </ClInclude>
    <ClInclude Include="..\xrRender\r_pixel_calculator.h">
      <Filter>Core</Filter>
    </ClInclude>
    <ClInclude Include="doug_lea_memory_allocator.h">
      <Filter>Core\Memory allocation</Filter>
    </ClInclude>
    <ClInclude Include="DetailFormat.h">
      <Filter>Details</Filter>
    </ClInclude>
    <ClInclude Include="..\xrRender\DetailManager.h">
      <Filter>Details</Filter>
    </ClInclude>
    <ClInclude Include="..\xrRender\DetailModel.h">
      <Filter>Details</Filter>
    </ClInclude>
    <ClInclude Include="..\xrRender\NvTriStrip.h">
      <Filter>Stripifier</Filter>
    </ClInclude>
    <ClInclude Include="..\xrRender\NvTriStripObjects.h">
      <Filter>Stripifier</Filter>
    </ClInclude>
    <ClInclude Include="..\xrRender\VertexCache.h">
      <Filter>Stripifier</Filter>
    </ClInclude>
    <ClInclude Include="..\xrRender\xrStripify.h">
      <Filter>Stripifier</Filter>
    </ClInclude>
    <ClInclude Include="light.h">
      <Filter>Lights</Filter>
    </ClInclude>
    <ClInclude Include="..\xrRender\Light_DB.h">
      <Filter>Lights</Filter>
    </ClInclude>
    <ClInclude Include="light_gi.h">
      <Filter>Lights</Filter>
    </ClInclude>
    <ClInclude Include="..\xrRender\Light_Package.h">
      <Filter>Lights</Filter>
    </ClInclude>
    <ClInclude Include="Light_Render_Direct.h">
      <Filter>Lights</Filter>
    </ClInclude>
    <ClInclude Include="light_smapvis.h">
      <Filter>Lights</Filter>
    </ClInclude>
    <ClInclude Include="..\xrRender\LightTrack.h">
      <Filter>Lights</Filter>
    </ClInclude>
    <ClInclude Include="SMAP_Allocator.h">
      <Filter>Lights</Filter>
    </ClInclude>
    <ClInclude Include="..\xrRender\WallmarksEngine.h">
      <Filter>Wallmarks</Filter>
    </ClInclude>
    <ClInclude Include="..\xrRender\Blender_detail_still.h">
      <Filter>Blenders\GBuffer stage\R1%255cR2 Blenders</Filter>
    </ClInclude>
    <ClInclude Include="..\xrRender\Blender_Lm(EbB).h">
      <Filter>Blenders\GBuffer stage\R1%255cR2 Blenders</Filter>
    </ClInclude>
    <ClInclude Include="..\xrRender\Blender_Model_EbB.h">
      <Filter>Blenders\GBuffer stage\R1%255cR2 Blenders</Filter>
    </ClInclude>
    <ClInclude Include="..\xrRender\Blender_Screen_SET.h">
      <Filter>Blenders\GBuffer stage\R1%255cR2 Blenders</Filter>
    </ClInclude>
    <ClInclude Include="..\xrRender\Blender_tree.h">
      <Filter>Blenders\GBuffer stage\R1%255cR2 Blenders</Filter>
    </ClInclude>
    <ClInclude Include="..\xrRender\ModelPool.h">
      <Filter>Models</Filter>
    </ClInclude>
    <ClInclude Include="..\xrRender\FLOD.h">
      <Filter>Models\Visuals</Filter>
    </ClInclude>
    <ClInclude Include="..\xrRender\FProgressive.h">
      <Filter>Models\Visuals</Filter>
    </ClInclude>
    <ClInclude Include="..\xrRender\FSkinned.h">
      <Filter>Models\Visuals</Filter>
    </ClInclude>
    <ClInclude Include="..\xrRender\FTreeVisual.h">
      <Filter>Models\Visuals</Filter>
    </ClInclude>
    <ClInclude Include="..\xrRender\FVisual.h">
      <Filter>Models\Visuals</Filter>
    </ClInclude>
    <ClInclude Include="..\xrRender\ParticleEffect.h">
      <Filter>Models\Visuals</Filter>
    </ClInclude>
    <ClInclude Include="..\xrRender\ParticleEffectDef.h">
      <Filter>Models\Visuals</Filter>
    </ClInclude>
    <ClInclude Include="..\xrRender\ParticleGroup.h">
      <Filter>Models\Visuals</Filter>
    </ClInclude>
    <ClInclude Include="..\xrRender\r_sector.h">
      <Filter>Visibility\Sector/Portal</Filter>
    </ClInclude>
    <ClInclude Include="..\xrRender\HOM.h">
      <Filter>Visibility\HOM Occlusion</Filter>
    </ClInclude>
    <ClInclude Include="..\xrRender\occRasterizer.h">
      <Filter>Visibility\HOM Occlusion</Filter>
    </ClInclude>
    <ClInclude Include="du_sphere_part.h">
      <Filter>Rendertargets\Core</Filter>
    </ClInclude>
    <ClInclude Include="r2_rendertarget.h">
      <Filter>Rendertargets\Core</Filter>
    </ClInclude>
    <ClInclude Include="blender_deffer_aref.h">
      <Filter>Blenders\GBuffer stage</Filter>
    </ClInclude>
    <ClInclude Include="blender_deffer_flat.h">
      <Filter>Blenders\GBuffer stage</Filter>
    </ClInclude>
    <ClInclude Include="blender_deffer_model.h">
      <Filter>Blenders\GBuffer stage</Filter>
    </ClInclude>
    <ClInclude Include="..\xrRender\Blender_BmmD.h">
      <Filter>Blenders\GBuffer stage</Filter>
    </ClInclude>
    <ClInclude Include="blender_combine.h">
      <Filter>Blenders\Combine stage</Filter>
    </ClInclude>
    <ClInclude Include="Blender_frame_overlay.h">
      <Filter>Blenders\Overlays stage</Filter>
    </ClInclude>
    <ClInclude Include="blender_light_direct_cascade.h">
      <Filter>Blenders\Light accumulating stage</Filter>
    </ClInclude>
    <ClInclude Include="blender_light_mask.h">
      <Filter>Blenders\Light accumulating stage</Filter>
    </ClInclude>
    <ClInclude Include="blender_light_occq.h">
      <Filter>Blenders\Light accumulating stage</Filter>
    </ClInclude>
    <ClInclude Include="blender_light_point.h">
      <Filter>Blenders\Light accumulating stage</Filter>
    </ClInclude>
    <ClInclude Include="blender_light_reflected.h">
      <Filter>Blenders\Light accumulating stage</Filter>
    </ClInclude>
    <ClInclude Include="blender_light_spot.h">
      <Filter>Blenders\Light accumulating stage</Filter>
    </ClInclude>
    <ClInclude Include="..\xrRender\Blender_Editor_Selection.h">
      <Filter>Blenders\Editor</Filter>
    </ClInclude>
    <ClInclude Include="..\xrRender\Blender_Editor_Wire.h">
      <Filter>Blenders\Editor</Filter>
    </ClInclude>
    <ClInclude Include="Blender_ambient_occlusion.h">
      <Filter>Blenders\Postprocess stage\Ambient occlusion</Filter>
    </ClInclude>
    <ClInclude Include="blender_bloom_build.h">
      <Filter>Blenders\Postprocess stage\Bloom</Filter>
    </ClInclude>
    <ClInclude Include="blender_luminance.h">
      <Filter>Blenders\Postprocess stage\Bloom</Filter>
    </ClInclude>
    <ClInclude Include="Blender_motion_blur.h">
      <Filter>Blenders\Postprocess stage\Motion blur</Filter>
    </ClInclude>
    <ClInclude Include="Blender_depth_of_field.h">
      <Filter>Blenders\Postprocess stage\Depth of field</Filter>
    </ClInclude>
    <ClInclude Include="..\xrRender\shader_name_generator.h">
      <Filter>Blenders\GBuffer stage</Filter>
    </ClInclude>
    <ClInclude Include="..\xrRender\Blender_Particle.h">
      <Filter>Blenders\Forward rendering</Filter>
    </ClInclude>
    <ClInclude Include="Blender_antialiasing.h">
      <Filter>Blenders\Postprocess stage\Antialiasing</Filter>
    </ClInclude>
    <ClInclude Include="Blender_chromatic_abberation.h">
      <Filter>Blenders\Postprocess stage\Chromatic abberation</Filter>
    </ClInclude>
    <ClInclude Include="Blender_sepia.h">
      <Filter>Blenders\Postprocess stage\Sepia</Filter>
    </ClInclude>
    <ClInclude Include="Blender_sharpen.h">
      <Filter>Blenders\Postprocess stage\Sharpen</Filter>
    </ClInclude>
    <ClInclude Include="Blender_vignette.h">
      <Filter>Blenders\Postprocess stage\Vignette</Filter>
    </ClInclude>
    <ClInclude Include="..\xrRender\r_occlusion.h">
      <Filter>Core\Occlusion culling</Filter>
    </ClInclude>
    <ClInclude Include="..\xrRender\PSLibrary.h">
      <Filter>Core\Particle library</Filter>
    </ClInclude>
    <ClInclude Include="Blender_distortion.h">
      <Filter>Blenders\Postprocess stage\Distortion</Filter>
    </ClInclude>
  </ItemGroup>
  <ItemGroup>
    <ClCompile Include="stdafx.cpp">
      <Filter>Kernel</Filter>
    </ClCompile>
    <ClCompile Include="..\xrRender\xrRender_console.cpp">
      <Filter>Kernel</Filter>
    </ClCompile>
    <ClCompile Include="xrRender_R2.cpp">
      <Filter>Kernel</Filter>
    </ClCompile>
    <ClCompile Include="r2.cpp">
      <Filter>Core</Filter>
    </ClCompile>
    <ClCompile Include="r2_blenders.cpp">
      <Filter>Core</Filter>
    </ClCompile>
    <ClCompile Include="r2_loader.cpp">
      <Filter>Core</Filter>
    </ClCompile>
    <ClCompile Include="r2_R_calculate.cpp">
      <Filter>Core</Filter>
    </ClCompile>
    <ClCompile Include="r2_R_lights.cpp">
      <Filter>Core</Filter>
    </ClCompile>
    <ClCompile Include="r2_R_render.cpp">
      <Filter>Core</Filter>
    </ClCompile>
    <ClCompile Include="r2_R_sun.cpp">
      <Filter>Core</Filter>
    </ClCompile>
    <ClCompile Include="r2_sector_detect.cpp">
      <Filter>Core</Filter>
    </ClCompile>
    <ClCompile Include="r2_test_hw.cpp">
      <Filter>Core</Filter>
    </ClCompile>
    <ClCompile Include="..\xrRender\r_dsgraph_build.cpp">
      <Filter>Core</Filter>
    </ClCompile>
    <ClCompile Include="..\xrRender\r_dsgraph_render.cpp">
      <Filter>Core</Filter>
    </ClCompile>
    <ClCompile Include="..\xrRender\r_dsgraph_render_lods.cpp">
      <Filter>Core</Filter>
    </ClCompile>
    <ClCompile Include="..\xrRender\r_pixel_calculator.cpp">
      <Filter>Core</Filter>
    </ClCompile>
    <ClCompile Include="..\xrRender\doug_lea_memory_allocator.c">
      <Filter>Core\Memory allocation</Filter>
    </ClCompile>
    <ClCompile Include="..\xrRender\DetailManager.cpp">
      <Filter>Details</Filter>
    </ClCompile>
    <ClCompile Include="..\xrRender\DetailManager_CACHE.cpp">
      <Filter>Details</Filter>
    </ClCompile>
    <ClCompile Include="..\xrRender\DetailManager_Decompress.cpp">
      <Filter>Details</Filter>
    </ClCompile>
    <ClCompile Include="..\xrRender\DetailManager_soft.cpp">
      <Filter>Details</Filter>
    </ClCompile>
    <ClCompile Include="..\xrRender\DetailManager_VS.cpp">
      <Filter>Details</Filter>
    </ClCompile>
    <ClCompile Include="..\xrRender\DetailModel.cpp">
      <Filter>Details</Filter>
    </ClCompile>
    <ClCompile Include="..\xrRender\NvTriStrip.cpp">
      <Filter>Stripifier</Filter>
    </ClCompile>
    <ClCompile Include="..\xrRender\NvTriStripObjects.cpp">
      <Filter>Stripifier</Filter>
    </ClCompile>
    <ClCompile Include="..\xrRender\VertexCache.cpp">
      <Filter>Stripifier</Filter>
    </ClCompile>
    <ClCompile Include="..\xrRender\xrStripify.cpp">
      <Filter>Stripifier</Filter>
    </ClCompile>
    <ClCompile Include="..\xrRender\light.cpp">
      <Filter>Lights</Filter>
    </ClCompile>
    <ClCompile Include="..\xrRender\Light_DB.cpp">
      <Filter>Lights</Filter>
    </ClCompile>
    <ClCompile Include="light_GI.cpp">
      <Filter>Lights</Filter>
    </ClCompile>
    <ClCompile Include="..\xrRender\Light_Package.cpp">
      <Filter>Lights</Filter>
    </ClCompile>
    <ClCompile Include="Light_Render_Direct.cpp">
      <Filter>Lights</Filter>
    </ClCompile>
    <ClCompile Include="Light_Render_Direct_ComputeXFS.cpp">
      <Filter>Lights</Filter>
    </ClCompile>
    <ClCompile Include="light_smapvis.cpp">
      <Filter>Lights</Filter>
    </ClCompile>
    <ClCompile Include="light_vis.cpp">
      <Filter>Lights</Filter>
    </ClCompile>
    <ClCompile Include="..\xrRender\LightTrack.cpp">
      <Filter>Lights</Filter>
    </ClCompile>
    <ClCompile Include="..\xrRender\WallmarksEngine.cpp">
      <Filter>Wallmarks</Filter>
    </ClCompile>
    <ClCompile Include="..\xrRender\Blender_detail_still.cpp">
      <Filter>Blenders\GBuffer stage\R1%255cR2 Blenders</Filter>
    </ClCompile>
    <ClCompile Include="..\xrRender\Blender_Lm(EbB).cpp">
      <Filter>Blenders\GBuffer stage\R1%255cR2 Blenders</Filter>
    </ClCompile>
    <ClCompile Include="..\xrRender\Blender_Model_EbB.cpp">
      <Filter>Blenders\GBuffer stage\R1%255cR2 Blenders</Filter>
    </ClCompile>
    <ClCompile Include="..\xrRender\Blender_Screen_SET.cpp">
      <Filter>Blenders\GBuffer stage\R1%255cR2 Blenders</Filter>
    </ClCompile>
    <ClCompile Include="..\xrRender\Blender_tree.cpp">
      <Filter>Blenders\GBuffer stage\R1%255cR2 Blenders</Filter>
    </ClCompile>
    <ClCompile Include="..\xrRender\ModelPool.cpp">
      <Filter>Models</Filter>
    </ClCompile>
    <ClCompile Include="..\xrRender\FLOD.cpp">
      <Filter>Models\Visuals</Filter>
    </ClCompile>
    <ClCompile Include="..\xrRender\FProgressive.cpp">
      <Filter>Models\Visuals</Filter>
    </ClCompile>
    <ClCompile Include="..\xrRender\FSkinned.cpp">
      <Filter>Models\Visuals</Filter>
    </ClCompile>
    <ClCompile Include="..\xrRender\FTreeVisual.cpp">
      <Filter>Models\Visuals</Filter>
    </ClCompile>
    <ClCompile Include="..\xrRender\FVisual.cpp">
      <Filter>Models\Visuals</Filter>
    </ClCompile>
    <ClCompile Include="..\xrRender\ParticleEffect.cpp">
      <Filter>Models\Visuals</Filter>
    </ClCompile>
    <ClCompile Include="..\xrRender\ParticleEffectDef.cpp">
      <Filter>Models\Visuals</Filter>
    </ClCompile>
    <ClCompile Include="..\xrRender\ParticleGroup.cpp">
      <Filter>Models\Visuals</Filter>
    </ClCompile>
    <ClCompile Include="..\xrRender\r_sector.cpp">
      <Filter>Visibility\Sector/Portal</Filter>
    </ClCompile>
    <ClCompile Include="..\xrRender\r_sector_traversal.cpp">
      <Filter>Visibility\Sector/Portal</Filter>
    </ClCompile>
    <ClCompile Include="..\xrRender\HOM.cpp">
      <Filter>Visibility\HOM Occlusion</Filter>
    </ClCompile>
    <ClCompile Include="..\xrRender\occRasterizer.cpp">
      <Filter>Visibility\HOM Occlusion</Filter>
    </ClCompile>
    <ClCompile Include="..\xrRender\occRasterizer_core.cpp">
      <Filter>Visibility\HOM Occlusion</Filter>
    </ClCompile>
    <ClCompile Include="r2_rendertarget_phase_gbuffer.cpp">
      <Filter>Rendertargets\Render stages\GBuffer stage</Filter>
    </ClCompile>
    <ClCompile Include="r2_rendertarget_phase_combine.cpp">
      <Filter>Rendertargets\Render stages\Scene combine stage</Filter>
    </ClCompile>
    <ClCompile Include="r2_rendertarget_phase_occq.cpp">
      <Filter>Rendertargets\Render stages\Light accumulation stage\Occlusion culling stage</Filter>
    </ClCompile>
    <ClCompile Include="r2_rendertarget_phase_depth_of_field.cpp">
      <Filter>Rendertargets\Render stages\Postprocess stages</Filter>
    </ClCompile>
    <ClCompile Include="r2_rendertarget_phase_luminance.cpp">
      <Filter>Rendertargets\Render stages\Postprocess stages</Filter>
    </ClCompile>
    <ClCompile Include="r2_rendertarget_phase_frame_overlay.cpp">
      <Filter>Rendertargets\Render stages\Postprocess stages</Filter>
    </ClCompile>
    <ClCompile Include="r2_rendertarget_phase_PP.cpp">
      <Filter>Rendertargets\Render stages\Postprocess stages</Filter>
    </ClCompile>
    <ClCompile Include="du_sphere_part.cpp">
      <Filter>Rendertargets\Core</Filter>
    </ClCompile>
    <ClCompile Include="r2_rendertarget.cpp">
      <Filter>Rendertargets\Core</Filter>
    </ClCompile>
    <ClCompile Include="blender_deffer_aref.cpp">
      <Filter>Blenders\GBuffer stage</Filter>
    </ClCompile>
    <ClCompile Include="blender_deffer_flat.cpp">
      <Filter>Blenders\GBuffer stage</Filter>
    </ClCompile>
    <ClCompile Include="blender_deffer_model.cpp">
      <Filter>Blenders\GBuffer stage</Filter>
    </ClCompile>
    <ClCompile Include="..\xrRender\Blender_BmmD.cpp">
      <Filter>Blenders\GBuffer stage</Filter>
    </ClCompile>
    <ClCompile Include="blender_combine.cpp">
      <Filter>Blenders\Combine stage</Filter>
    </ClCompile>
    <ClCompile Include="Blender_frame_overlay.cpp">
      <Filter>Blenders\Overlays stage</Filter>
    </ClCompile>
    <ClCompile Include="blender_light_direct_cascade.cpp">
      <Filter>Blenders\Light accumulating stage</Filter>
    </ClCompile>
    <ClCompile Include="blender_light_mask.cpp">
      <Filter>Blenders\Light accumulating stage</Filter>
    </ClCompile>
    <ClCompile Include="blender_light_occq.cpp">
      <Filter>Blenders\Light accumulating stage</Filter>
    </ClCompile>
    <ClCompile Include="blender_light_point.cpp">
      <Filter>Blenders\Light accumulating stage</Filter>
    </ClCompile>
    <ClCompile Include="blender_light_reflected.cpp">
      <Filter>Blenders\Light accumulating stage</Filter>
    </ClCompile>
    <ClCompile Include="blender_light_spot.cpp">
      <Filter>Blenders\Light accumulating stage</Filter>
    </ClCompile>
    <ClCompile Include="..\xrRender\Blender_Editor_Selection.cpp">
      <Filter>Blenders\Editor</Filter>
    </ClCompile>
    <ClCompile Include="..\xrRender\Blender_Editor_Wire.cpp">
      <Filter>Blenders\Editor</Filter>
    </ClCompile>
    <ClCompile Include="Blender_ambient_occlusion.cpp">
      <Filter>Blenders\Postprocess stage\Ambient occlusion</Filter>
    </ClCompile>
    <ClCompile Include="blender_bloom_build.cpp">
      <Filter>Blenders\Postprocess stage\Bloom</Filter>
    </ClCompile>
    <ClCompile Include="blender_luminance.cpp">
      <Filter>Blenders\Postprocess stage\Bloom</Filter>
    </ClCompile>
    <ClCompile Include="Blender_motion_blur.cpp">
      <Filter>Blenders\Postprocess stage\Motion blur</Filter>
    </ClCompile>
    <ClCompile Include="Blender_depth_of_field.cpp">
      <Filter>Blenders\Postprocess stage\Depth of field</Filter>
    </ClCompile>
    <ClCompile Include="..\xrRender\shader_name_generator.cpp">
      <Filter>Blenders\GBuffer stage</Filter>
    </ClCompile>
    <ClCompile Include="..\xrRender\Blender_Particle.cpp">
      <Filter>Blenders\Forward rendering</Filter>
    </ClCompile>
    <ClCompile Include="r2_rendertarget_phase_motion_blur.cpp">
      <Filter>Rendertargets\Render stages\Postprocess stages</Filter>
    </ClCompile>
    <ClCompile Include="r2_rendertarget_phase_bloom.cpp">
      <Filter>Rendertargets\Render stages\Postprocess stages</Filter>
    </ClCompile>
    <ClCompile Include="r2_rendertarget_phase_ao.cpp">
      <Filter>Rendertargets\Render stages\Postprocess stages</Filter>
    </ClCompile>
    <ClCompile Include="r2_rendertarget_phase_antialiasing.cpp">
      <Filter>Rendertargets\Render stages\Postprocess stages</Filter>
    </ClCompile>
    <ClCompile Include="Blender_antialiasing.cpp">
      <Filter>Blenders\Postprocess stage\Antialiasing</Filter>
    </ClCompile>
    <ClCompile Include="r2_rendertarget_phase_vignette.cpp">
      <Filter>Rendertargets\Render stages\Postprocess stages</Filter>
    </ClCompile>
    <ClCompile Include="r2_rendertarget_phase_sharpen.cpp">
      <Filter>Rendertargets\Render stages\Postprocess stages</Filter>
    </ClCompile>
    <ClCompile Include="r2_rendertarget_phase_sepia.cpp">
      <Filter>Rendertargets\Render stages\Postprocess stages</Filter>
    </ClCompile>
    <ClCompile Include="r2_rendertarget_phase_chromatic_abberation.cpp">
      <Filter>Rendertargets\Render stages\Postprocess stages</Filter>
    </ClCompile>
    <ClCompile Include="Blender_chromatic_abberation.cpp">
      <Filter>Blenders\Postprocess stage\Chromatic abberation</Filter>
    </ClCompile>
    <ClCompile Include="Blender_sepia.cpp">
      <Filter>Blenders\Postprocess stage\Sepia</Filter>
    </ClCompile>
    <ClCompile Include="Blender_sharpen.cpp">
      <Filter>Blenders\Postprocess stage\Sharpen</Filter>
    </ClCompile>
    <ClCompile Include="Blender_vignette.cpp">
      <Filter>Blenders\Postprocess stage\Vignette</Filter>
    </ClCompile>
    <ClCompile Include="r2_rendertarget_accum_direct.cpp">
      <Filter>Rendertargets\Render stages\Light accumulation stage\Direct</Filter>
    </ClCompile>
    <ClCompile Include="r2_rendertarget_phase_smap_Direct.cpp">
      <Filter>Rendertargets\Render stages\Light accumulation stage\Core</Filter>
    </ClCompile>
    <ClCompile Include="r2_rendertarget_phase_smap_Spot.cpp">
      <Filter>Rendertargets\Render stages\Light accumulation stage\Core</Filter>
    </ClCompile>
    <ClCompile Include="r2_rendertarget_phase_accumulator.cpp">
      <Filter>Rendertargets\Render stages\Light accumulation stage\Core</Filter>
    </ClCompile>
    <ClCompile Include="r2_rendertarget_enable_scissor.cpp">
      <Filter>Rendertargets\Render stages\Light accumulation stage\Core</Filter>
    </ClCompile>
    <ClCompile Include="r2_rendertarget_accum_omnipart_geom.cpp">
      <Filter>Rendertargets\Render stages\Light accumulation stage\Spot%255cOmni</Filter>
    </ClCompile>
    <ClCompile Include="r2_rendertarget_accum_point.cpp">
      <Filter>Rendertargets\Render stages\Light accumulation stage\Spot%255cOmni</Filter>
    </ClCompile>
    <ClCompile Include="r2_rendertarget_accum_point_geom.cpp">
      <Filter>Rendertargets\Render stages\Light accumulation stage\Spot%255cOmni</Filter>
    </ClCompile>
    <ClCompile Include="r2_rendertarget_accum_reflected.cpp">
      <Filter>Rendertargets\Render stages\Light accumulation stage\Spot%255cOmni</Filter>
    </ClCompile>
    <ClCompile Include="r2_rendertarget_accum_spot.cpp">
      <Filter>Rendertargets\Render stages\Light accumulation stage\Spot%255cOmni</Filter>
    </ClCompile>
    <ClCompile Include="r2_rendertarget_accum_spot_geom.cpp">
      <Filter>Rendertargets\Render stages\Light accumulation stage\Spot%255cOmni</Filter>
    </ClCompile>
    <ClCompile Include="r2_rendertarget_draw_volume.cpp">
      <Filter>Rendertargets\Render stages\Light accumulation stage\Spot%255cOmni</Filter>
    </ClCompile>
    <ClCompile Include="..\xrRender\r_occlusion.cpp">
      <Filter>Core\Occlusion culling</Filter>
    </ClCompile>
    <ClCompile Include="..\xrRender\r_screenshot.cpp">
      <Filter>Core\Screenshots</Filter>
    </ClCompile>
    <ClCompile Include="..\xrRender\PSLibrary.cpp">
      <Filter>Core\Particle library</Filter>
    </ClCompile>
    <ClCompile Include="..\xrRender\Texture.cpp">
      <Filter>Core\Texture</Filter>
    </ClCompile>
    <ClCompile Include="..\xrRender\tga.cpp">
      <Filter>Core\Texture</Filter>
    </ClCompile>
    <ClCompile Include="r2_rendertarget_phase_wallmarks.cpp">
      <Filter>Rendertargets\Render stages\Postprocess stages</Filter>
    </ClCompile>
    <ClCompile Include="r2_rendertarget_phase_combine_volumetric_lights.cpp">
      <Filter>Rendertargets\Render stages\Scene combine stage</Filter>
    </ClCompile>
    <ClCompile Include="r2_rendertarget_phase_distortion.cpp">
      <Filter>Rendertargets\Render stages\Postprocess stages</Filter>
    </ClCompile>
    <ClCompile Include="Blender_distortion.cpp">
      <Filter>Blenders\Postprocess stage\Distortion</Filter>
    </ClCompile>
  </ItemGroup>
  <ItemGroup>
    <Text Include="todo.txt" />
  </ItemGroup>
  <ItemGroup>
    <None Include="cpp.hint" />
  </ItemGroup>
</Project>