<?xml version="1.0" encoding="utf-8"?>
<Project ToolsVersion="4.0" xmlns="http://schemas.microsoft.com/developer/msbuild/2003">
  <ItemGroup>
    <Filter Include="Kernel">
      <UniqueIdentifier>{76e2fcf4-5d39-48c0-81d9-9df94da99379}</UniqueIdentifier>
    </Filter>
  </ItemGroup>
  <ItemGroup>
    <ClInclude Include="StdAfx.h">
      <Filter>Kernel</Filter>
    </ClInclude>
    <ClInclude Include="global_options.h" />
  </ItemGroup>
  <ItemGroup>
    <ClCompile Include="StdAfx.cpp">
      <Filter>Kernel</Filter>
    </ClCompile>
    <ClCompile Include="..\COMMON_COMPILERS\cl_log.cpp" />
    <ClCompile Include="..\COMMON_COMPILERS\xrThread.cpp" />
    <ClCompile Include="xrDO_Light.cpp">
      <Filter>Kernel</Filter>
    </ClCompile>
    <ClCompile Include="do_compiler.cpp" />
  </ItemGroup>
  <ItemGroup>
    <ResourceCompile Include="..\COMMON_COMPILERS\resource.rc" />
  </ItemGroup>
</Project>